
Microsoft Visual Studio Solution File, Format Version 12.00
# Visual Studio Version 16
VisualStudioVersion = 16.0.30907.101
MinimumVisualStudioVersion = 10.0.40219.1
Project("{FAE04EC0-301F-11D3-BF4B-00C04F79EFBC}") = "YearModel", "YearModel\YearModel.csproj", "{080A4F67-190C-4270-B4DA-1D870DCBA5E4}"
EndProject
Project("{2150E333-8FDC-42A3-9474-1A3956D46DE8}") = "Lab1", "Lab1", "{925BFF0D-1F7C-45D9-9361-2EC4EEA62EB1}"
EndProject
Project("{2150E333-8FDC-42A3-9474-1A3956D46DE8}") = "Model", "Model", "{EB47D0AA-5DD5-4EFD-AA28-4017F5239E4C}"
EndProject
Project("{FAE04EC0-301F-11D3-BF4B-00C04F79EFBC}") = "YearView", "YearView\YearView.csproj", "{2BD04C1C-2F34-4D87-88DF-BBE27E3EA1E9}"
EndProject
Project("{2150E333-8FDC-42A3-9474-1A3956D46DE8}") = "View", "View", "{F6CE3CAB-F693-4487-8337-5C9F513B7E59}"
EndProject
Project("{FAE04EC0-301F-11D3-BF4B-00C04F79EFBC}") = "CarModel", "CarModel\CarModel.csproj", "{AC938BAB-DB25-4B5A-92FB-2C27FD90A08D}"
EndProject
Project("{2150E333-8FDC-42A3-9474-1A3956D46DE8}") = "Lab2", "Lab2", "{813A02F7-0605-4473-946A-0649C7DBEB1D}"
EndProject
Project("{2150E333-8FDC-42A3-9474-1A3956D46DE8}") = "Model", "Model", "{465EEFA2-6896-4563-9003-12B5BD18AB36}"
EndProject
Project("{2150E333-8FDC-42A3-9474-1A3956D46DE8}") = "View", "View", "{B98C55C4-66FB-4E20-9984-3D5A18923CD7}"
EndProject
Project("{FAE04EC0-301F-11D3-BF4B-00C04F79EFBC}") = "CarView", "CarView\CarView.csproj", "{65A0EE15-186D-48AE-9349-C61417FA74C5}"
EndProject
Project("{FAE04EC0-301F-11D3-BF4B-00C04F79EFBC}") = "PaperModel", "PaperModel\PaperModel.csproj", "{066A2EF5-CBD8-4441-A0C3-5B7F8F133107}"
EndProject
Project("{2150E333-8FDC-42A3-9474-1A3956D46DE8}") = "Lab3", "Lab3", "{23429239-BF3B-481E-AE4E-BA8FB7EC2202}"
EndProject
Project("{2150E333-8FDC-42A3-9474-1A3956D46DE8}") = "Model", "Model", "{E0A0A3E5-5EE2-4D77-9DE4-14E99E03EACE}"
EndProject
Project("{FAE04EC0-301F-11D3-BF4B-00C04F79EFBC}") = "PaperView", "PaperView\PaperView.csproj", "{7A26F465-3321-470F-8FE9-3F0174EDCB5D}"
EndProject
Project("{2150E333-8FDC-42A3-9474-1A3956D46DE8}") = "View", "View", "{51FCF143-7638-4049-91F4-EF28216DCBD1}"
EndProject
Project("{FAE04EC0-301F-11D3-BF4B-00C04F79EFBC}") = "NewPaperModel", "NewPaperModel\NewPaperModel.csproj", "{9350020C-C853-4F76-92FF-39BBEBDFA0F2}"
EndProject
Project("{2150E333-8FDC-42A3-9474-1A3956D46DE8}") = "Lab4", "Lab4", "{DF3F716B-E9A1-43C7-A597-ABAA5938D06C}"
EndProject
Project("{2150E333-8FDC-42A3-9474-1A3956D46DE8}") = "Model", "Model", "{813BC201-3F27-4CDE-BAF8-E5C3707B6B37}"
EndProject
Project("{2150E333-8FDC-42A3-9474-1A3956D46DE8}") = "View", "View", "{61BADA68-5169-4D66-B8F7-ADAFC091305E}"
EndProject
Project("{FAE04EC0-301F-11D3-BF4B-00C04F79EFBC}") = "NewPaperView", "NewPhoneView\NewPaperView.csproj", "{D53FC6BD-455E-4950-A147-CD5509EF7D15}"
EndProject
Global
	GlobalSection(SolutionConfigurationPlatforms) = preSolution
		Debug|Any CPU = Debug|Any CPU
		Release|Any CPU = Release|Any CPU
	EndGlobalSection
	GlobalSection(ProjectConfigurationPlatforms) = postSolution
		{080A4F67-190C-4270-B4DA-1D870DCBA5E4}.Debug|Any CPU.ActiveCfg = Debug|Any CPU
		{080A4F67-190C-4270-B4DA-1D870DCBA5E4}.Debug|Any CPU.Build.0 = Debug|Any CPU
		{080A4F67-190C-4270-B4DA-1D870DCBA5E4}.Release|Any CPU.ActiveCfg = Release|Any CPU
		{080A4F67-190C-4270-B4DA-1D870DCBA5E4}.Release|Any CPU.Build.0 = Release|Any CPU
		{2BD04C1C-2F34-4D87-88DF-BBE27E3EA1E9}.Debug|Any CPU.ActiveCfg = Debug|Any CPU
		{2BD04C1C-2F34-4D87-88DF-BBE27E3EA1E9}.Debug|Any CPU.Build.0 = Debug|Any CPU
		{2BD04C1C-2F34-4D87-88DF-BBE27E3EA1E9}.Release|Any CPU.ActiveCfg = Release|Any CPU
		{2BD04C1C-2F34-4D87-88DF-BBE27E3EA1E9}.Release|Any CPU.Build.0 = Release|Any CPU
		{AC938BAB-DB25-4B5A-92FB-2C27FD90A08D}.Debug|Any CPU.ActiveCfg = Debug|Any CPU
		{AC938BAB-DB25-4B5A-92FB-2C27FD90A08D}.Debug|Any CPU.Build.0 = Debug|Any CPU
		{AC938BAB-DB25-4B5A-92FB-2C27FD90A08D}.Release|Any CPU.ActiveCfg = Release|Any CPU
		{AC938BAB-DB25-4B5A-92FB-2C27FD90A08D}.Release|Any CPU.Build.0 = Release|Any CPU
		{65A0EE15-186D-48AE-9349-C61417FA74C5}.Debug|Any CPU.ActiveCfg = Debug|Any CPU
		{65A0EE15-186D-48AE-9349-C61417FA74C5}.Debug|Any CPU.Build.0 = Debug|Any CPU
		{65A0EE15-186D-48AE-9349-C61417FA74C5}.Release|Any CPU.ActiveCfg = Release|Any CPU
		{65A0EE15-186D-48AE-9349-C61417FA74C5}.Release|Any CPU.Build.0 = Release|Any CPU
		{066A2EF5-CBD8-4441-A0C3-5B7F8F133107}.Debug|Any CPU.ActiveCfg = Debug|Any CPU
		{066A2EF5-CBD8-4441-A0C3-5B7F8F133107}.Debug|Any CPU.Build.0 = Debug|Any CPU
		{066A2EF5-CBD8-4441-A0C3-5B7F8F133107}.Release|Any CPU.ActiveCfg = Release|Any CPU
		{066A2EF5-CBD8-4441-A0C3-5B7F8F133107}.Release|Any CPU.Build.0 = Release|Any CPU
		{7A26F465-3321-470F-8FE9-3F0174EDCB5D}.Debug|Any CPU.ActiveCfg = Debug|Any CPU
		{7A26F465-3321-470F-8FE9-3F0174EDCB5D}.Debug|Any CPU.Build.0 = Debug|Any CPU
		{7A26F465-3321-470F-8FE9-3F0174EDCB5D}.Release|Any CPU.ActiveCfg = Release|Any CPU
		{7A26F465-3321-470F-8FE9-3F0174EDCB5D}.Release|Any CPU.Build.0 = Release|Any CPU
		{9350020C-C853-4F76-92FF-39BBEBDFA0F2}.Debug|Any CPU.ActiveCfg = Debug|Any CPU
		{9350020C-C853-4F76-92FF-39BBEBDFA0F2}.Debug|Any CPU.Build.0 = Debug|Any CPU
		{9350020C-C853-4F76-92FF-39BBEBDFA0F2}.Release|Any CPU.ActiveCfg = Release|Any CPU
		{9350020C-C853-4F76-92FF-39BBEBDFA0F2}.Release|Any CPU.Build.0 = Release|Any CPU
		{D53FC6BD-455E-4950-A147-CD5509EF7D15}.Debug|Any CPU.ActiveCfg = Debug|Any CPU
		{D53FC6BD-455E-4950-A147-CD5509EF7D15}.Debug|Any CPU.Build.0 = Debug|Any CPU
		{D53FC6BD-455E-4950-A147-CD5509EF7D15}.Release|Any CPU.ActiveCfg = Release|Any CPU
		{D53FC6BD-455E-4950-A147-CD5509EF7D15}.Release|Any CPU.Build.0 = Release|Any CPU
	EndGlobalSection
	GlobalSection(SolutionProperties) = preSolution
		HideSolutionNode = FALSE
	EndGlobalSection
	GlobalSection(NestedProjects) = preSolution
		{080A4F67-190C-4270-B4DA-1D870DCBA5E4} = {EB47D0AA-5DD5-4EFD-AA28-4017F5239E4C}
		{EB47D0AA-5DD5-4EFD-AA28-4017F5239E4C} = {925BFF0D-1F7C-45D9-9361-2EC4EEA62EB1}
		{2BD04C1C-2F34-4D87-88DF-BBE27E3EA1E9} = {F6CE3CAB-F693-4487-8337-5C9F513B7E59}
		{F6CE3CAB-F693-4487-8337-5C9F513B7E59} = {925BFF0D-1F7C-45D9-9361-2EC4EEA62EB1}
		{AC938BAB-DB25-4B5A-92FB-2C27FD90A08D} = {465EEFA2-6896-4563-9003-12B5BD18AB36}
		{465EEFA2-6896-4563-9003-12B5BD18AB36} = {813A02F7-0605-4473-946A-0649C7DBEB1D}
		{B98C55C4-66FB-4E20-9984-3D5A18923CD7} = {813A02F7-0605-4473-946A-0649C7DBEB1D}
		{65A0EE15-186D-48AE-9349-C61417FA74C5} = {B98C55C4-66FB-4E20-9984-3D5A18923CD7}
		{066A2EF5-CBD8-4441-A0C3-5B7F8F133107} = {E0A0A3E5-5EE2-4D77-9DE4-14E99E03EACE}
		{E0A0A3E5-5EE2-4D77-9DE4-14E99E03EACE} = {23429239-BF3B-481E-AE4E-BA8FB7EC2202}
		{7A26F465-3321-470F-8FE9-3F0174EDCB5D} = {51FCF143-7638-4049-91F4-EF28216DCBD1}
		{51FCF143-7638-4049-91F4-EF28216DCBD1} = {23429239-BF3B-481E-AE4E-BA8FB7EC2202}
		{9350020C-C853-4F76-92FF-39BBEBDFA0F2} = {813BC201-3F27-4CDE-BAF8-E5C3707B6B37}
		{813BC201-3F27-4CDE-BAF8-E5C3707B6B37} = {DF3F716B-E9A1-43C7-A597-ABAA5938D06C}
		{61BADA68-5169-4D66-B8F7-ADAFC091305E} = {DF3F716B-E9A1-43C7-A597-ABAA5938D06C}
		{D53FC6BD-455E-4950-A147-CD5509EF7D15} = {61BADA68-5169-4D66-B8F7-ADAFC091305E}
	EndGlobalSection
	GlobalSection(ExtensibilityGlobals) = postSolution
		SolutionGuid = {9BBF1AD6-7F75-4DE9-ABDA-1408DCE7BA9D}
	EndGlobalSection
EndGlobal
